
Microsoft Visual Studio Solution File, Format Version 12.00
# Visual Studio 15
VisualStudioVersion = 15.0.27004.2005
MinimumVisualStudioVersion = 10.0.40219.1
Project("{FAE04EC0-301F-11D3-BF4B-00C04F79EFBC}") = "EmailSenderInterfaces", "EmailSenderInterfaces\EmailSenderInterfaces.csproj", "{19B1CF6A-F43D-43A7-A2A8-56B7908B91B9}"
EndProject
Project("{FAE04EC0-301F-11D3-BF4B-00C04F79EFBC}") = "EmailSenderImplementation1", "EmailSenderImplementation1\EmailSenderImplementation1.csproj", "{119961C4-E0CC-4931-A27B-785F80007C46}"
EndProject
Project("{FAE04EC0-301F-11D3-BF4B-00C04F79EFBC}") = "EmailSenderImplementation2", "EmailSenderImplementation2\EmailSenderImplementation2.csproj", "{51704E16-19BB-4EE4-B1A4-A88A47754F16}"
EndProject
Project("{FAE04EC0-301F-11D3-BF4B-00C04F79EFBC}") = "TinyDependencyInjectionContainer", "TinyDependencyInjectionContainer\TinyDependencyInjectionContainer.csproj", "{2FB68D6A-E96C-4349-AAFA-D903E90ED1C0}"
EndProject
Project("{FAE04EC0-301F-11D3-BF4B-00C04F79EFBC}") = "MailConsole", "MailConsole\MailConsole.csproj", "{399FA699-5774-402E-B5D0-AE0E9B9B20E3}"
EndProject
Project("{FAE04EC0-301F-11D3-BF4B-00C04F79EFBC}") = "EmailSenderImplementation3", "EmailSenderImplementation3\EmailSenderImplementation3.csproj", "{A8072ADB-E7AF-4614-A136-7CFBD185CD5D}"
EndProject
Global
	GlobalSection(SolutionConfigurationPlatforms) = preSolution
		Debug|Any CPU = Debug|Any CPU
		Release|Any CPU = Release|Any CPU
	EndGlobalSection
	GlobalSection(ProjectConfigurationPlatforms) = postSolution
		{19B1CF6A-F43D-43A7-A2A8-56B7908B91B9}.Debug|Any CPU.ActiveCfg = Debug|Any CPU
		{19B1CF6A-F43D-43A7-A2A8-56B7908B91B9}.Debug|Any CPU.Build.0 = Debug|Any CPU
		{19B1CF6A-F43D-43A7-A2A8-56B7908B91B9}.Release|Any CPU.ActiveCfg = Release|Any CPU
		{19B1CF6A-F43D-43A7-A2A8-56B7908B91B9}.Release|Any CPU.Build.0 = Release|Any CPU
		{119961C4-E0CC-4931-A27B-785F80007C46}.Debug|Any CPU.ActiveCfg = Debug|Any CPU
		{119961C4-E0CC-4931-A27B-785F80007C46}.Debug|Any CPU.Build.0 = Debug|Any CPU
		{119961C4-E0CC-4931-A27B-785F80007C46}.Release|Any CPU.ActiveCfg = Release|Any CPU
		{119961C4-E0CC-4931-A27B-785F80007C46}.Release|Any CPU.Build.0 = Release|Any CPU
		{51704E16-19BB-4EE4-B1A4-A88A47754F16}.Debug|Any CPU.ActiveCfg = Debug|Any CPU
		{51704E16-19BB-4EE4-B1A4-A88A47754F16}.Debug|Any CPU.Build.0 = Debug|Any CPU
		{51704E16-19BB-4EE4-B1A4-A88A47754F16}.Release|Any CPU.ActiveCfg = Release|Any CPU
		{51704E16-19BB-4EE4-B1A4-A88A47754F16}.Release|Any CPU.Build.0 = Release|Any CPU
		{2FB68D6A-E96C-4349-AAFA-D903E90ED1C0}.Debug|Any CPU.ActiveCfg = Debug|Any CPU
		{2FB68D6A-E96C-4349-AAFA-D903E90ED1C0}.Debug|Any CPU.Build.0 = Debug|Any CPU
		{2FB68D6A-E96C-4349-AAFA-D903E90ED1C0}.Release|Any CPU.ActiveCfg = Release|Any CPU
		{2FB68D6A-E96C-4349-AAFA-D903E90ED1C0}.Release|Any CPU.Build.0 = Release|Any CPU
		{399FA699-5774-402E-B5D0-AE0E9B9B20E3}.Debug|Any CPU.ActiveCfg = Debug|Any CPU
		{399FA699-5774-402E-B5D0-AE0E9B9B20E3}.Debug|Any CPU.Build.0 = Debug|Any CPU
		{399FA699-5774-402E-B5D0-AE0E9B9B20E3}.Release|Any CPU.ActiveCfg = Release|Any CPU
		{399FA699-5774-402E-B5D0-AE0E9B9B20E3}.Release|Any CPU.Build.0 = Release|Any CPU
		{A8072ADB-E7AF-4614-A136-7CFBD185CD5D}.Debug|Any CPU.ActiveCfg = Debug|Any CPU
		{A8072ADB-E7AF-4614-A136-7CFBD185CD5D}.Debug|Any CPU.Build.0 = Debug|Any CPU
		{A8072ADB-E7AF-4614-A136-7CFBD185CD5D}.Release|Any CPU.ActiveCfg = Release|Any CPU
		{A8072ADB-E7AF-4614-A136-7CFBD185CD5D}.Release|Any CPU.Build.0 = Release|Any CPU
	EndGlobalSection
	GlobalSection(SolutionProperties) = preSolution
		HideSolutionNode = FALSE
	EndGlobalSection
	GlobalSection(ExtensibilityGlobals) = postSolution
		SolutionGuid = {AEDF9BB4-1986-42B3-A21F-AA5D7EE8FB90}
	EndGlobalSection
EndGlobal
