
Microsoft Visual Studio Solution File, Format Version 12.00
# Visual Studio 15
VisualStudioVersion = 15.0.27004.2009
MinimumVisualStudioVersion = 10.0.40219.1
Project("{FAE04EC0-301F-11D3-BF4B-00C04F79EFBC}") = "Lab05", "Lab05\Lab05.csproj", "{84E02C28-FA3A-43C2-A4D5-92B3637492E4}"
EndProject
Project("{FAE04EC0-301F-11D3-BF4B-00C04F79EFBC}") = "Lab05Tests", "Lab05Tests\Lab05Tests.csproj", "{77ABB374-298F-4A99-912A-B7BC8ECCDE23}"
EndProject
Global
	GlobalSection(SolutionConfigurationPlatforms) = preSolution
		Debug|Any CPU = Debug|Any CPU
		Release|Any CPU = Release|Any CPU
	EndGlobalSection
	GlobalSection(ProjectConfigurationPlatforms) = postSolution
		{84E02C28-FA3A-43C2-A4D5-92B3637492E4}.Debug|Any CPU.ActiveCfg = Debug|Any CPU
		{84E02C28-FA3A-43C2-A4D5-92B3637492E4}.Debug|Any CPU.Build.0 = Debug|Any CPU
		{84E02C28-FA3A-43C2-A4D5-92B3637492E4}.Release|Any CPU.ActiveCfg = Release|Any CPU
		{84E02C28-FA3A-43C2-A4D5-92B3637492E4}.Release|Any CPU.Build.0 = Release|Any CPU
		{77ABB374-298F-4A99-912A-B7BC8ECCDE23}.Debug|Any CPU.ActiveCfg = Debug|Any CPU
		{77ABB374-298F-4A99-912A-B7BC8ECCDE23}.Debug|Any CPU.Build.0 = Debug|Any CPU
		{77ABB374-298F-4A99-912A-B7BC8ECCDE23}.Release|Any CPU.ActiveCfg = Release|Any CPU
		{77ABB374-298F-4A99-912A-B7BC8ECCDE23}.Release|Any CPU.Build.0 = Release|Any CPU
	EndGlobalSection
	GlobalSection(SolutionProperties) = preSolution
		HideSolutionNode = FALSE
	EndGlobalSection
	GlobalSection(ExtensibilityGlobals) = postSolution
		SolutionGuid = {F8F36C85-1843-46B9-92C6-F80CD6EA3D9F}
	EndGlobalSection
EndGlobal
